
Microsoft Visual Studio Solution File, Format Version 12.00
# Visual Studio 14
VisualStudioVersion = 14.0.25420.1
MinimumVisualStudioVersion = 10.0.40219.1
Project("{FAE04EC0-301F-11D3-BF4B-00C04F79EFBC}") = "NeuralNetworksStudies.Forms", "NeuralNetworksStudies.Forms\NeuralNetworksStudies.Forms.csproj", "{0DA9F33C-2595-4725-9A1B-EB8A8E47188A}"
EndProject
Project("{FAE04EC0-301F-11D3-BF4B-00C04F79EFBC}") = "NeuralNetworks", "NeuralNetworks\NeuralNetworks.csproj", "{14C3B423-FACD-4EEB-A2ED-44DB21D0B4BA}"
EndProject
Global
	GlobalSection(SolutionConfigurationPlatforms) = preSolution
		Debug|Any CPU = Debug|Any CPU
		Release|Any CPU = Release|Any CPU
	EndGlobalSection
	GlobalSection(ProjectConfigurationPlatforms) = postSolution
		{0DA9F33C-2595-4725-9A1B-EB8A8E47188A}.Debug|Any CPU.ActiveCfg = Debug|Any CPU
		{0DA9F33C-2595-4725-9A1B-EB8A8E47188A}.Debug|Any CPU.Build.0 = Debug|Any CPU
		{0DA9F33C-2595-4725-9A1B-EB8A8E47188A}.Release|Any CPU.ActiveCfg = Release|Any CPU
		{0DA9F33C-2595-4725-9A1B-EB8A8E47188A}.Release|Any CPU.Build.0 = Release|Any CPU
		{14C3B423-FACD-4EEB-A2ED-44DB21D0B4BA}.Debug|Any CPU.ActiveCfg = Debug|Any CPU
		{14C3B423-FACD-4EEB-A2ED-44DB21D0B4BA}.Debug|Any CPU.Build.0 = Debug|Any CPU
		{14C3B423-FACD-4EEB-A2ED-44DB21D0B4BA}.Release|Any CPU.ActiveCfg = Release|Any CPU
		{14C3B423-FACD-4EEB-A2ED-44DB21D0B4BA}.Release|Any CPU.Build.0 = Release|Any CPU
	EndGlobalSection
	GlobalSection(SolutionProperties) = preSolution
		HideSolutionNode = FALSE
	EndGlobalSection
EndGlobal
